lockfileVersion: '9.0'

settings:
  autoInstallPeers: true
  excludeLinksFromLockfile: false

importers:

  .:
    devDependencies:
      agent-browser:
        specifier: ^0.8.5
        version: 0.8.5

packages:

  agent-browser@0.8.5:
    resolution: {integrity: sha512-A9mHhju6J5bIALVYpq6eO82S0PurLIYMMLte4p4IxP7pj3/D35orp4Ulinv3BJu9iJ//camM4FHoSoXQeENXqw==}
    hasBin: true

  playwright-core@1.58.0:
    resolution: {integrity: sha512-aaoB1RWrdNi3//rOeKuMiS65UCcgOVljU46At6eFcOFPFHWtd2weHRRow6z/n+Lec0Lvu0k9ZPKJSjPugikirw==}
    engines: {node: '>=18'}
    hasBin: true

  ws@8.19.0:
    resolution: {integrity: sha512-blAT2mjOEIi0ZzruJfIhb3nps74PRWTCz1IjglWEEpQl5XS/UNama6u2/rjFkDDouqr4L67ry+1aGIALViWjDg==}
    engines: {node: '>=10.0.0'}
    peerDependencies:
      bufferutil: ^4.0.1
      utf-8-validate: '>=5.0.2'
    peerDependenciesMeta:
      bufferutil:
        optional: true
      utf-8-validate:
        optional: true

  zod@3.25.76:
    resolution: {integrity: sha512-gzUt/qt81nXsFGKIFcC3YnfEAx5NkunCfnDlvuBSSFS02bcXu4Lmea0AFIUwbLWxWPx3d9p8S5QoaujKcNQxcQ==}

snapshots:

  agent-browser@0.8.5:
    dependencies:
      playwright-core: 1.58.0
      ws: 8.19.0
      zod: 3.25.76
    transitivePeerDependencies:
      - bufferutil
      - utf-8-validate

  playwright-core@1.58.0: {}

  ws@8.19.0: {}

  zod@3.25.76: {}
